// !$*UTF8*$!
{
	archiveVersion = 1;
	classes = {
	};
	objectVersion = 56;
	objects = {

/* Begin PBXBuildFile section */
		A10494652A3F120400F47F8F /* Raleway-Bold.ttf in Resources */ = {isa = PBXBuildFile; fileRef = A10494622A3F120400F47F8F /* Raleway-Bold.ttf */; };
		A10494662A3F120400F47F8F /* Raleway-SemiBold.ttf in Resources */ = {isa = PBXBuildFile; fileRef = A10494632A3F120400F47F8F /* Raleway-SemiBold.ttf */; };
		A10494672A3F120400F47F8F /* Raleway-Regular.ttf in Resources */ = {isa = PBXBuildFile; fileRef = A10494642A3F120400F47F8F /* Raleway-Regular.ttf */; };
		A10494692A3F12AE00F47F8F /* ContentView.swift in Sources */ = {isa = PBXBuildFile; fileRef = A10494682A3F12AE00F47F8F /* ContentView.swift */; };
		A104946B2A3F12BA00F47F8F /* OnBoardingPage.swift in Sources */ = {isa = PBXBuildFile; fileRef = A104946A2A3F12BA00F47F8F /* OnBoardingPage.swift */; };
		A13A829D2A39ED16005EC09E /* MovieListScreen.swift in Sources */ = {isa = PBXBuildFile; fileRef = A13A829C2A39ED16005EC09E /* MovieListScreen.swift */; };
		A18F74822A3A34D400831104 /* MovieDetailScreen.swift in Sources */ = {isa = PBXBuildFile; fileRef = A18F74812A3A34D400831104 /* MovieDetailScreen.swift */; };
		A18F74842A3A34E900831104 /* MovDetailViewModel.swift in Sources */ = {isa = PBXBuildFile; fileRef = A18F74832A3A34E900831104 /* MovDetailViewModel.swift */; };
		A18F74882A3A3BD500831104 /* MovieCellView.swift in Sources */ = {isa = PBXBuildFile; fileRef = A18F74872A3A3BD500831104 /* MovieCellView.swift */; };
		A18F748A2A3A411D00831104 /* MovieDetailHeaderView.swift in Sources */ = {isa = PBXBuildFile; fileRef = A18F74892A3A411D00831104 /* MovieDetailHeaderView.swift */; };
		A18F748C2A3B18E600831104 /* FetchService.swift in Sources */ = {isa = PBXBuildFile; fileRef = A18F748B2A3B18E600831104 /* FetchService.swift */; };
		A18F748E2A3B206B00831104 /* Genre.swift in Sources */ = {isa = PBXBuildFile; fileRef = A18F748D2A3B206B00831104 /* Genre.swift */; };
		A19713DE2A40BA3C006DE877 /* SubscribtionDetailView.swift in Sources */ = {isa = PBXBuildFile; fileRef = A19713DD2A40BA3C006DE877 /* SubscribtionDetailView.swift */; };
		A19713E12A40BA8E006DE877 /* SharedDataModel.swift in Sources */ = {isa = PBXBuildFile; fileRef = A19713E02A40BA8E006DE877 /* SharedDataModel.swift */; };
		A19714092A41BD12006DE877 /* LikedPage.swift in Sources */ = {isa = PBXBuildFile; fileRef = A19714082A41BD12006DE877 /* LikedPage.swift */; };
		A19714102A42147C006DE877 /* CartPage.swift in Sources */ = {isa = PBXBuildFile; fileRef = A197140F2A42147C006DE877 /* CartPage.swift */; };
		A1AFD86E2A3B98210032A4D9 /* MainSideTabView.swift in Sources */ = {isa = PBXBuildFile; fileRef = A1AFD86D2A3B98210032A4D9 /* MainSideTabView.swift */; };
		A1AFD8702A3B9B2F0032A4D9 /* SideTabViewCell.swift in Sources */ = {isa = PBXBuildFile; fileRef = A1AFD86F2A3B9B2F0032A4D9 /* SideTabViewCell.swift */; };
		A1AFD8722A3B9D6E0032A4D9 /* CustomCorners.swift in Sources */ = {isa = PBXBuildFile; fileRef = A1AFD8712A3B9D6E0032A4D9 /* CustomCorners.swift */; };
		A1AFD8742A3BD1D10032A4D9 /* SideMenuView.swift in Sources */ = {isa = PBXBuildFile; fileRef = A1AFD8732A3BD1D00032A4D9 /* SideMenuView.swift */; };
		A1AFD8762A3BD2D40032A4D9 /* SideTabView.swift in Sources */ = {isa = PBXBuildFile; fileRef = A1AFD8752A3BD2D40032A4D9 /* SideTabView.swift */; };
		A1BBAD372A2DE99D00D96151 /* astonMovieListSwiftUIApp.swift in Sources */ = {isa = PBXBuildFile; fileRef = A1BBAD362A2DE99D00D96151 /* astonMovieListSwiftUIApp.swift */; };
		A1BBAD3B2A2DE99F00D96151 /* Assets.xcassets in Resources */ = {isa = PBXBuildFile; fileRef = A1BBAD3A2A2DE99F00D96151 /* Assets.xcassets */; };
		A1BBAD3E2A2DE99F00D96151 /* Preview Assets.xcassets in Resources */ = {isa = PBXBuildFile; fileRef = A1BBAD3D2A2DE99F00D96151 /* Preview Assets.xcassets */; };
		A1BBAD452A2DE9C500D96151 /* EndPoint.swift in Sources */ = {isa = PBXBuildFile; fileRef = A1BBAD442A2DE9C500D96151 /* EndPoint.swift */; };
		A1BBAD472A2DE9DE00D96151 /* ProjectConstant.swift in Sources */ = {isa = PBXBuildFile; fileRef = A1BBAD462A2DE9DE00D96151 /* ProjectConstant.swift */; };
		A1BBAD492A2DE9F900D96151 /* String.swift in Sources */ = {isa = PBXBuildFile; fileRef = A1BBAD482A2DE9F900D96151 /* String.swift */; };
		A1BBAD4F2A2DEA5400D96151 /* ServiceLocator.swift in Sources */ = {isa = PBXBuildFile; fileRef = A1BBAD4E2A2DEA5400D96151 /* ServiceLocator.swift */; };
		A1BBAD512A2DEA6600D96151 /* InjectedWrapped.swift in Sources */ = {isa = PBXBuildFile; fileRef = A1BBAD502A2DEA6600D96151 /* InjectedWrapped.swift */; };
		A1BBAD532A2DEA7300D96151 /* Configurator.swift in Sources */ = {isa = PBXBuildFile; fileRef = A1BBAD522A2DEA7300D96151 /* Configurator.swift */; };
		A1BBAD552A2DEA8100D96151 /* Networking.swift in Sources */ = {isa = PBXBuildFile; fileRef = A1BBAD542A2DEA8100D96151 /* Networking.swift */; };
		A1BBAD572A2DEA8D00D96151 /* DataCaretaker.swift in Sources */ = {isa = PBXBuildFile; fileRef = A1BBAD562A2DEA8D00D96151 /* DataCaretaker.swift */; };
		A1BBAD5B2A2DEAD100D96151 /* MovieListViewModel.swift in Sources */ = {isa = PBXBuildFile; fileRef = A1BBAD5A2A2DEAD100D96151 /* MovieListViewModel.swift */; };
		A1BBAD612A2DEB2E00D96151 /* Movie.swift in Sources */ = {isa = PBXBuildFile; fileRef = A1BBAD602A2DEB2E00D96151 /* Movie.swift */; };
		A1BBAD632A2DEB3C00D96151 /* Rating.swift in Sources */ = {isa = PBXBuildFile; fileRef = A1BBAD622A2DEB3C00D96151 /* Rating.swift */; };
		A1BBAD652A2DED1000D96151 /* View.swift in Sources */ = {isa = PBXBuildFile; fileRef = A1BBAD642A2DED0F00D96151 /* View.swift */; };
		A1BBAD672A2DED2300D96151 /* LazyView.swift in Sources */ = {isa = PBXBuildFile; fileRef = A1BBAD662A2DED2300D96151 /* LazyView.swift */; };
		A1BBAD7D2A2DFBA300D96151 /* Backend+Result.swift in Sources */ = {isa = PBXBuildFile; fileRef = A1BBAD7C2A2DFBA300D96151 /* Backend+Result.swift */; };
		A1BBAD7F2A2DFBB700D96151 /* Backend+RequestType.swift in Sources */ = {isa = PBXBuildFile; fileRef = A1BBAD7E2A2DFBB700D96151 /* Backend+RequestType.swift */; };
		A1BBAD812A2DFBCA00D96151 /* Backend+StatusCode.swift in Sources */ = {isa = PBXBuildFile; fileRef = A1BBAD802A2DFBCA00D96151 /* Backend+StatusCode.swift */; };
		A1BBAD8B2A2E18C700D96151 /* Localizable.strings in Resources */ = {isa = PBXBuildFile; fileRef = A1BBAD8D2A2E18C700D96151 /* Localizable.strings */; };
		A1CFA6EB2A3F2C11006AF65C /* LoginPage.swift in Sources */ = {isa = PBXBuildFile; fileRef = A1CFA6EA2A3F2C11006AF65C /* LoginPage.swift */; };
		A1CFA6ED2A3F2C2C006AF65C /* LoginPageViewModel.swift in Sources */ = {isa = PBXBuildFile; fileRef = A1CFA6EC2A3F2C2C006AF65C /* LoginPageViewModel.swift */; };
		A1CFA6F42A3FA17D006AF65C /* MainPage.swift in Sources */ = {isa = PBXBuildFile; fileRef = A1CFA6F32A3FA17D006AF65C /* MainPage.swift */; };
		A1CFA6F72A3FA586006AF65C /* PaymentScreen.swift in Sources */ = {isa = PBXBuildFile; fileRef = A1CFA6F62A3FA586006AF65C /* PaymentScreen.swift */; };
		A1CFA6F92A3FABF7006AF65C /* Subscribtion.swift in Sources */ = {isa = PBXBuildFile; fileRef = A1CFA6F82A3FABF7006AF65C /* Subscribtion.swift */; };
		A1CFA6FB2A3FAE05006AF65C /* HomeViewModel.swift in Sources */ = {isa = PBXBuildFile; fileRef = A1CFA6FA2A3FAE05006AF65C /* HomeViewModel.swift */; };
		A1CFA6FD2A4065F8006AF65C /* MoreSubsView.swift in Sources */ = {isa = PBXBuildFile; fileRef = A1CFA6FC2A4065F8006AF65C /* MoreSubsView.swift */; };
		A1CFA7022A407576006AF65C /* SearchView.swift in Sources */ = {isa = PBXBuildFile; fileRef = A1CFA7012A407576006AF65C /* SearchView.swift */; };
		A1CFA7042A40878D006AF65C /* StaggedGrid.swift in Sources */ = {isa = PBXBuildFile; fileRef = A1CFA7032A40878D006AF65C /* StaggedGrid.swift */; };
		A1CFA7062A40A695006AF65C /* ProfilePage.swift in Sources */ = {isa = PBXBuildFile; fileRef = A1CFA7052A40A695006AF65C /* ProfilePage.swift */; };
/* End PBXBuildFile section */

/* Begin PBXFileReference section */
		A10494622A3F120400F47F8F /* Raleway-Bold.ttf */ = {isa = PBXFileReference; lastKnownFileType = file; path = "Raleway-Bold.ttf"; sourceTree = "<group>"; };
		A10494632A3F120400F47F8F /* Raleway-SemiBold.ttf */ = {isa = PBXFileReference; lastKnownFileType = file; path = "Raleway-SemiBold.ttf"; sourceTree = "<group>"; };
		A10494642A3F120400F47F8F /* Raleway-Regular.ttf */ = {isa = PBXFileReference; lastKnownFileType = file; path = "Raleway-Regular.ttf"; sourceTree = "<group>"; };
		A10494682A3F12AE00F47F8F /* ContentView.swift */ = {isa = PBXFileReference; lastKnownFileType = sourcecode.swift; path = ContentView.swift; sourceTree = "<group>"; };
		A104946A2A3F12BA00F47F8F /* OnBoardingPage.swift */ = {isa = PBXFileReference; lastKnownFileType = sourcecode.swift; path = OnBoardingPage.swift; sourceTree = "<group>"; };
		A13A829C2A39ED16005EC09E /* MovieListScreen.swift */ = {isa = PBXFileReference; lastKnownFileType = sourcecode.swift; path = MovieListScreen.swift; sourceTree = "<group>"; };
		A18F74812A3A34D400831104 /* MovieDetailScreen.swift */ = {isa = PBXFileReference; lastKnownFileType = sourcecode.swift; path = MovieDetailScreen.swift; sourceTree = "<group>"; };
		A18F74832A3A34E900831104 /* MovDetailViewModel.swift */ = {isa = PBXFileReference; lastKnownFileType = sourcecode.swift; path = MovDetailViewModel.swift; sourceTree = "<group>"; };
		A18F74872A3A3BD500831104 /* MovieCellView.swift */ = {isa = PBXFileReference; lastKnownFileType = sourcecode.swift; path = MovieCellView.swift; sourceTree = "<group>"; };
		A18F74892A3A411D00831104 /* MovieDetailHeaderView.swift */ = {isa = PBXFileReference; lastKnownFileType = sourcecode.swift; path = MovieDetailHeaderView.swift; sourceTree = "<group>"; };
		A18F748B2A3B18E600831104 /* FetchService.swift */ = {isa = PBXFileReference; lastKnownFileType = sourcecode.swift; path = FetchService.swift; sourceTree = "<group>"; };
		A18F748D2A3B206B00831104 /* Genre.swift */ = {isa = PBXFileReference; lastKnownFileType = sourcecode.swift; path = Genre.swift; sourceTree = "<group>"; };
		A19713DD2A40BA3C006DE877 /* SubscribtionDetailView.swift */ = {isa = PBXFileReference; lastKnownFileType = sourcecode.swift; path = SubscribtionDetailView.swift; sourceTree = "<group>"; };
		A19713E02A40BA8E006DE877 /* SharedDataModel.swift */ = {isa = PBXFileReference; lastKnownFileType = sourcecode.swift; path = SharedDataModel.swift; sourceTree = "<group>"; };
		A19714082A41BD12006DE877 /* LikedPage.swift */ = {isa = PBXFileReference; lastKnownFileType = sourcecode.swift; path = LikedPage.swift; sourceTree = "<group>"; };
		A197140F2A42147C006DE877 /* CartPage.swift */ = {isa = PBXFileReference; lastKnownFileType = sourcecode.swift; path = CartPage.swift; sourceTree = "<group>"; };
		A1AFD86D2A3B98210032A4D9 /* MainSideTabView.swift */ = {isa = PBXFileReference; lastKnownFileType = sourcecode.swift; path = MainSideTabView.swift; sourceTree = "<group>"; };
		A1AFD86F2A3B9B2F0032A4D9 /* SideTabViewCell.swift */ = {isa = PBXFileReference; lastKnownFileType = sourcecode.swift; path = SideTabViewCell.swift; sourceTree = "<group>"; };
		A1AFD8712A3B9D6E0032A4D9 /* CustomCorners.swift */ = {isa = PBXFileReference; lastKnownFileType = sourcecode.swift; path = CustomCorners.swift; sourceTree = "<group>"; };
		A1AFD8732A3BD1D00032A4D9 /* SideMenuView.swift */ = {isa = PBXFileReference; lastKnownFileType = sourcecode.swift; path = SideMenuView.swift; sourceTree = "<group>"; };
		A1AFD8752A3BD2D40032A4D9 /* SideTabView.swift */ = {isa = PBXFileReference; lastKnownFileType = sourcecode.swift; path = SideTabView.swift; sourceTree = "<group>"; };
		A1BBAD332A2DE99D00D96151 /* astonMovieListSwiftUI.app */ = {isa = PBXFileReference; explicitFileType = wrapper.application; includeInIndex = 0; path = astonMovieListSwiftUI.app; sourceTree = BUILT_PRODUCTS_DIR; };
		A1BBAD362A2DE99D00D96151 /* astonMovieListSwiftUIApp.swift */ = {isa = PBXFileReference; lastKnownFileType = sourcecode.swift; path = astonMovieListSwiftUIApp.swift; sourceTree = "<group>"; };
		A1BBAD3A2A2DE99F00D96151 /* Assets.xcassets */ = {isa = PBXFileReference; lastKnownFileType = folder.assetcatalog; path = Assets.xcassets; sourceTree = "<group>"; };
		A1BBAD3D2A2DE99F00D96151 /* Preview Assets.xcassets */ = {isa = PBXFileReference; lastKnownFileType = folder.assetcatalog; path = "Preview Assets.xcassets"; sourceTree = "<group>"; };
		A1BBAD442A2DE9C500D96151 /* EndPoint.swift */ = {isa = PBXFileReference; lastKnownFileType = sourcecode.swift; path = EndPoint.swift; sourceTree = "<group>"; };
		A1BBAD462A2DE9DE00D96151 /* ProjectConstant.swift */ = {isa = PBXFileReference; lastKnownFileType = sourcecode.swift; path = ProjectConstant.swift; sourceTree = "<group>"; };
		A1BBAD482A2DE9F900D96151 /* String.swift */ = {isa = PBXFileReference; lastKnownFileType = sourcecode.swift; path = String.swift; sourceTree = "<group>"; };
		A1BBAD4E2A2DEA5400D96151 /* ServiceLocator.swift */ = {isa = PBXFileReference; lastKnownFileType = sourcecode.swift; path = ServiceLocator.swift; sourceTree = "<group>"; };
		A1BBAD502A2DEA6600D96151 /* InjectedWrapped.swift */ = {isa = PBXFileReference; lastKnownFileType = sourcecode.swift; path = InjectedWrapped.swift; sourceTree = "<group>"; };
		A1BBAD522A2DEA7300D96151 /* Configurator.swift */ = {isa = PBXFileReference; lastKnownFileType = sourcecode.swift; path = Configurator.swift; sourceTree = "<group>"; };
		A1BBAD542A2DEA8100D96151 /* Networking.swift */ = {isa = PBXFileReference; lastKnownFileType = sourcecode.swift; path = Networking.swift; sourceTree = "<group>"; };
		A1BBAD562A2DEA8D00D96151 /* DataCaretaker.swift */ = {isa = PBXFileReference; lastKnownFileType = sourcecode.swift; path = DataCaretaker.swift; sourceTree = "<group>"; };
		A1BBAD5A2A2DEAD100D96151 /* MovieListViewModel.swift */ = {isa = PBXFileReference; lastKnownFileType = sourcecode.swift; path = MovieListViewModel.swift; sourceTree = "<group>"; };
		A1BBAD602A2DEB2E00D96151 /* Movie.swift */ = {isa = PBXFileReference; lastKnownFileType = sourcecode.swift; path = Movie.swift; sourceTree = "<group>"; };
		A1BBAD622A2DEB3C00D96151 /* Rating.swift */ = {isa = PBXFileReference; lastKnownFileType = sourcecode.swift; path = Rating.swift; sourceTree = "<group>"; };
		A1BBAD642A2DED0F00D96151 /* View.swift */ = {isa = PBXFileReference; lastKnownFileType = sourcecode.swift; path = View.swift; sourceTree = "<group>"; };
		A1BBAD662A2DED2300D96151 /* LazyView.swift */ = {isa = PBXFileReference; lastKnownFileType = sourcecode.swift; path = LazyView.swift; sourceTree = "<group>"; };
		A1BBAD7C2A2DFBA300D96151 /* Backend+Result.swift */ = {isa = PBXFileReference; lastKnownFileType = sourcecode.swift; path = "Backend+Result.swift"; sourceTree = "<group>"; };
		A1BBAD7E2A2DFBB700D96151 /* Backend+RequestType.swift */ = {isa = PBXFileReference; lastKnownFileType = sourcecode.swift; path = "Backend+RequestType.swift"; sourceTree = "<group>"; };
		A1BBAD802A2DFBCA00D96151 /* Backend+StatusCode.swift */ = {isa = PBXFileReference; lastKnownFileType = sourcecode.swift; path = "Backend+StatusCode.swift"; sourceTree = "<group>"; };
		A1BBAD822A2E006900D96151 /* Info.plist */ = {isa = PBXFileReference; lastKnownFileType = text.plist; path = Info.plist; sourceTree = "<group>"; };
		A1BBAD8C2A2E18C700D96151 /* en */ = {isa = PBXFileReference; lastKnownFileType = text.plist.strings; name = en; path = en.lproj/Localizable.strings; sourceTree = "<group>"; };
		A1BBAD8E2A2E18C900D96151 /* ru */ = {isa = PBXFileReference; lastKnownFileType = text.plist.strings; name = ru; path = ru.lproj/Localizable.strings; sourceTree = "<group>"; };
		A1BBADD82A34910D00D96151 /* README.md */ = {isa = PBXFileReference; lastKnownFileType = net.daringfireball.markdown; path = README.md; sourceTree = "<group>"; };
		A1CB83802A45A3BC0060C4E1 /* README.md */ = {isa = PBXFileReference; lastKnownFileType = net.daringfireball.markdown; name = README.md; path = Constant/README.md; sourceTree = "<group>"; };
		A1CFA6EA2A3F2C11006AF65C /* LoginPage.swift */ = {isa = PBXFileReference; lastKnownFileType = sourcecode.swift; path = LoginPage.swift; sourceTree = "<group>"; };
		A1CFA6EC2A3F2C2C006AF65C /* LoginPageViewModel.swift */ = {isa = PBXFileReference; lastKnownFileType = sourcecode.swift; path = LoginPageViewModel.swift; sourceTree = "<group>"; };
		A1CFA6F32A3FA17D006AF65C /* MainPage.swift */ = {isa = PBXFileReference; lastKnownFileType = sourcecode.swift; path = MainPage.swift; sourceTree = "<group>"; };
		A1CFA6F62A3FA586006AF65C /* PaymentScreen.swift */ = {isa = PBXFileReference; lastKnownFileType = sourcecode.swift; path = PaymentScreen.swift; sourceTree = "<group>"; };
		A1CFA6F82A3FABF7006AF65C /* Subscribtion.swift */ = {isa = PBXFileReference; lastKnownFileType = sourcecode.swift; path = Subscribtion.swift; sourceTree = "<group>"; };
		A1CFA6FA2A3FAE05006AF65C /* HomeViewModel.swift */ = {isa = PBXFileReference; lastKnownFileType = sourcecode.swift; path = HomeViewModel.swift; sourceTree = "<group>"; };
		A1CFA6FC2A4065F8006AF65C /* MoreSubsView.swift */ = {isa = PBXFileReference; lastKnownFileType = sourcecode.swift; path = MoreSubsView.swift; sourceTree = "<group>"; };
		A1CFA7012A407576006AF65C /* SearchView.swift */ = {isa = PBXFileReference; lastKnownFileType = sourcecode.swift; path = SearchView.swift; sourceTree = "<group>"; };
		A1CFA7032A40878D006AF65C /* StaggedGrid.swift */ = {isa = PBXFileReference; lastKnownFileType = sourcecode.swift; path = StaggedGrid.swift; sourceTree = "<group>"; };
		A1CFA7052A40A695006AF65C /* ProfilePage.swift */ = {isa = PBXFileReference; lastKnownFileType = sourcecode.swift; path = ProfilePage.swift; sourceTree = "<group>"; };
/* End PBXFileReference section */

/* Begin PBXFrameworksBuildPhase section */
		A1BBAD302A2DE99D00D96151 /* Frameworks */ = {
			isa = PBXFrameworksBuildPhase;
			buildActionMask = 2147483647;
			files = (
			);
			runOnlyForDeploymentPostprocessing = 0;
		};
/* End PBXFrameworksBuildPhase section */

/* Begin PBXGroup section */
		A104945E2A3C74A200F47F8F /* SideTabView */ = {
			isa = PBXGroup;
			children = (
				A1AFD86D2A3B98210032A4D9 /* MainSideTabView.swift */,
				A197140C2A41E93D006DE877 /* Tab */,
				A197140D2A41E945006DE877 /* Menu */,
			);
			path = SideTabView;
			sourceTree = "<group>";
		};
		A10494602A3C7A2000F47F8F /* TabBars */ = {
			isa = PBXGroup;
			children = (
				A1CFA6F22A3FA16D006AF65C /* MainTabBar */,
				A104945E2A3C74A200F47F8F /* SideTabView */,
			);
			path = TabBars;
			sourceTree = "<group>";
		};
		A10494612A3F11E800F47F8F /* Font */ = {
			isa = PBXGroup;
			children = (
				A10494622A3F120400F47F8F /* Raleway-Bold.ttf */,
				A10494642A3F120400F47F8F /* Raleway-Regular.ttf */,
				A10494632A3F120400F47F8F /* Raleway-SemiBold.ttf */,
			);
			path = Font;
			sourceTree = "<group>";
		};
		A19713DB2A40ACC6006DE877 /* Profile */ = {
			isa = PBXGroup;
			children = (
				A1CFA7052A40A695006AF65C /* ProfilePage.swift */,
			);
			path = Profile;
			sourceTree = "<group>";
		};
		A19713DF2A40BA43006DE877 /* SubscribtionDetail */ = {
			isa = PBXGroup;
			children = (
				A19713DD2A40BA3C006DE877 /* SubscribtionDetailView.swift */,
			);
			path = SubscribtionDetail;
			sourceTree = "<group>";
		};
		A19714062A4114FF006DE877 /* Movie */ = {
			isa = PBXGroup;
			children = (
				A1BBAD602A2DEB2E00D96151 /* Movie.swift */,
				A1BBAD622A2DEB3C00D96151 /* Rating.swift */,
				A18F748D2A3B206B00831104 /* Genre.swift */,
			);
			path = Movie;
			sourceTree = "<group>";
		};
		A197140A2A41E1C8006DE877 /* Liked */ = {
			isa = PBXGroup;
			children = (
				A19714082A41BD12006DE877 /* LikedPage.swift */,
				A197140F2A42147C006DE877 /* CartPage.swift */,
			);
			path = Liked;
			sourceTree = "<group>";
		};
		A197140C2A41E93D006DE877 /* Tab */ = {
			isa = PBXGroup;
			children = (
				A1AFD8752A3BD2D40032A4D9 /* SideTabView.swift */,
				A1AFD86F2A3B9B2F0032A4D9 /* SideTabViewCell.swift */,
			);
			path = Tab;
			sourceTree = "<group>";
		};
		A197140D2A41E945006DE877 /* Menu */ = {
			isa = PBXGroup;
			children = (
				A1AFD8732A3BD1D00032A4D9 /* SideMenuView.swift */,
			);
			path = Menu;
			sourceTree = "<group>";
		};
		A197140E2A41ED58006DE877 /* View */ = {
			isa = PBXGroup;
			children = (
				A1CFA7012A407576006AF65C /* SearchView.swift */,
				A1CFA6FC2A4065F8006AF65C /* MoreSubsView.swift */,
			);
			path = View;
			sourceTree = "<group>";
		};
		A1AFD8682A3B6DC10032A4D9 /* Header */ = {
			isa = PBXGroup;
			children = (
				A18F74892A3A411D00831104 /* MovieDetailHeaderView.swift */,
			);
			path = Header;
			sourceTree = "<group>";
		};
		A1AFD8692A3B6DC70032A4D9 /* Cell */ = {
			isa = PBXGroup;
			children = (
				A18F74872A3A3BD500831104 /* MovieCellView.swift */,
			);
			path = Cell;
			sourceTree = "<group>";
		};
		A1BBAD2A2A2DE99D00D96151 = {
			isa = PBXGroup;
			children = (
				A1BBAD352A2DE99D00D96151 /* astonMovieListSwiftUI */,
				A1BBAD342A2DE99D00D96151 /* Products */,
			);
			sourceTree = "<group>";
		};
		A1BBAD342A2DE99D00D96151 /* Products */ = {
			isa = PBXGroup;
			children = (
				A1BBAD332A2DE99D00D96151 /* astonMovieListSwiftUI.app */,
			);
			name = Products;
			sourceTree = "<group>";
		};
		A1BBAD352A2DE99D00D96151 /* astonMovieListSwiftUI */ = {
			isa = PBXGroup;
			children = (
				A1CB83802A45A3BC0060C4E1 /* README.md */,
				A1BBAD8D2A2E18C700D96151 /* Localizable.strings */,
				A1BBAD822A2E006900D96151 /* Info.plist */,
				A10494612A3F11E800F47F8F /* Font */,
				A1BBAD4D2A2DEA1900D96151 /* Extension */,
				A1BBAD4B2A2DEA0A00D96151 /* EndPoint */,
				A1BBAD4C2A2DEA1000D96151 /* Constant */,
				A1BBAD592A2DEAAD00D96151 /* Dependency injection */,
				A1BBAD582A2DEA9400D96151 /* Services */,
				A1BBAD5F2A2DEB0F00D96151 /* Models */,
				A10494602A3C7A2000F47F8F /* TabBars */,
				A1BBAD792A2DF3F000D96151 /* Screens */,
				A1BBAD362A2DE99D00D96151 /* astonMovieListSwiftUIApp.swift */,
				A1BBAD3A2A2DE99F00D96151 /* Assets.xcassets */,
				A1BBAD3C2A2DE99F00D96151 /* Preview Content */,
				A1BBADD82A34910D00D96151 /* README.md */,
			);
			path = astonMovieListSwiftUI;
			sourceTree = "<group>";
		};
		A1BBAD3C2A2DE99F00D96151 /* Preview Content */ = {
			isa = PBXGroup;
			children = (
				A1BBAD3D2A2DE99F00D96151 /* Preview Assets.xcassets */,
			);
			path = "Preview Content";
			sourceTree = "<group>";
		};
		A1BBAD4B2A2DEA0A00D96151 /* EndPoint */ = {
			isa = PBXGroup;
			children = (
				A1BBAD442A2DE9C500D96151 /* EndPoint.swift */,
			);
			path = EndPoint;
			sourceTree = "<group>";
		};
		A1BBAD4C2A2DEA1000D96151 /* Constant */ = {
			isa = PBXGroup;
			children = (
				A1BBAD462A2DE9DE00D96151 /* ProjectConstant.swift */,
			);
			path = Constant;
			sourceTree = "<group>";
		};
		A1BBAD4D2A2DEA1900D96151 /* Extension */ = {
			isa = PBXGroup;
			children = (
				A1BBAD482A2DE9F900D96151 /* String.swift */,
				A1BBAD642A2DED0F00D96151 /* View.swift */,
				A1BBAD662A2DED2300D96151 /* LazyView.swift */,
				A1AFD8712A3B9D6E0032A4D9 /* CustomCorners.swift */,
				A1CFA7032A40878D006AF65C /* StaggedGrid.swift */,
			);
			path = Extension;
			sourceTree = "<group>";
		};
		A1BBAD582A2DEA9400D96151 /* Services */ = {
			isa = PBXGroup;
			children = (
				A1BBAD562A2DEA8D00D96151 /* DataCaretaker.swift */,
				A18F748B2A3B18E600831104 /* FetchService.swift */,
				A1BBAD7B2A2DFB9300D96151 /* Network */,
			);
			path = Services;
			sourceTree = "<group>";
		};
		A1BBAD592A2DEAAD00D96151 /* Dependency injection */ = {
			isa = PBXGroup;
			children = (
				A1BBAD502A2DEA6600D96151 /* InjectedWrapped.swift */,
				A1BBAD4E2A2DEA5400D96151 /* ServiceLocator.swift */,
				A1BBAD522A2DEA7300D96151 /* Configurator.swift */,
			);
			path = "Dependency injection";
			sourceTree = "<group>";
		};
		A1BBAD5C2A2DEADE00D96151 /* MovieList */ = {
			isa = PBXGroup;
			children = (
				A1BBAD5D2A2DEAEA00D96151 /* Screen */,
				A1BBAD5E2A2DEB0000D96151 /* ViewModel */,
			);
			path = MovieList;
			sourceTree = "<group>";
		};
		A1BBAD5D2A2DEAEA00D96151 /* Screen */ = {
			isa = PBXGroup;
			children = (
				A13A829C2A39ED16005EC09E /* MovieListScreen.swift */,
			);
			path = Screen;
			sourceTree = "<group>";
		};
		A1BBAD5E2A2DEB0000D96151 /* ViewModel */ = {
			isa = PBXGroup;
			children = (
				A1BBAD5A2A2DEAD100D96151 /* MovieListViewModel.swift */,
			);
			path = ViewModel;
			sourceTree = "<group>";
		};
		A1BBAD5F2A2DEB0F00D96151 /* Models */ = {
			isa = PBXGroup;
			children = (
				A19714062A4114FF006DE877 /* Movie */,
				A1CFA6F82A3FABF7006AF65C /* Subscribtion.swift */,
			);
			path = Models;
			sourceTree = "<group>";
		};
		A1BBAD792A2DF3F000D96151 /* Screens */ = {
			isa = PBXGroup;
			children = (
				A10494682A3F12AE00F47F8F /* ContentView.swift */,
				A197140E2A41ED58006DE877 /* View */,
				A1CFA6EE2A3FA120006AF65C /* LoginScreen */,
				A1BBAD952A2E253C00D96151 /* MovieDetail */,
				A19713DF2A40BA43006DE877 /* SubscribtionDetail */,
			);
			path = Screens;
			sourceTree = "<group>";
		};
		A1BBAD7B2A2DFB9300D96151 /* Network */ = {
			isa = PBXGroup;
			children = (
				A1BBAD542A2DEA8100D96151 /* Networking.swift */,
				A1BBAD7C2A2DFBA300D96151 /* Backend+Result.swift */,
				A1BBAD7E2A2DFBB700D96151 /* Backend+RequestType.swift */,
				A1BBAD802A2DFBCA00D96151 /* Backend+StatusCode.swift */,
			);
			path = Network;
			sourceTree = "<group>";
		};
		A1BBAD952A2E253C00D96151 /* MovieDetail */ = {
			isa = PBXGroup;
			children = (
				A1BBAD962A2E254B00D96151 /* Screen */,
				A1BBAD992A2E25BA00D96151 /* ViewModel */,
			);
			path = MovieDetail;
			sourceTree = "<group>";
		};
		A1BBAD962A2E254B00D96151 /* Screen */ = {
			isa = PBXGroup;
			children = (
				A18F74812A3A34D400831104 /* MovieDetailScreen.swift */,
				A1AFD8682A3B6DC10032A4D9 /* Header */,
				A1AFD8692A3B6DC70032A4D9 /* Cell */,
			);
			path = Screen;
			sourceTree = "<group>";
		};
		A1BBAD992A2E25BA00D96151 /* ViewModel */ = {
			isa = PBXGroup;
			children = (
				A18F74832A3A34E900831104 /* MovDetailViewModel.swift */,
			);
			path = ViewModel;
			sourceTree = "<group>";
		};
		A1CFA6EE2A3FA120006AF65C /* LoginScreen */ = {
			isa = PBXGroup;
			children = (
				A104946A2A3F12BA00F47F8F /* OnBoardingPage.swift */,
				A1CFA6F02A3FA145006AF65C /* Screen */,
				A1CFA6F12A3FA151006AF65C /* ViewModel */,
			);
			path = LoginScreen;
			sourceTree = "<group>";
		};
		A1CFA6F02A3FA145006AF65C /* Screen */ = {
			isa = PBXGroup;
			children = (
				A1CFA6EA2A3F2C11006AF65C /* LoginPage.swift */,
			);
			path = Screen;
			sourceTree = "<group>";
		};
		A1CFA6F12A3FA151006AF65C /* ViewModel */ = {
			isa = PBXGroup;
			children = (
				A1CFA6EC2A3F2C2C006AF65C /* LoginPageViewModel.swift */,
			);
			path = ViewModel;
			sourceTree = "<group>";
		};
		A1CFA6F22A3FA16D006AF65C /* MainTabBar */ = {
			isa = PBXGroup;
			children = (
				A19713E02A40BA8E006DE877 /* SharedDataModel.swift */,
				A1CFA6F32A3FA17D006AF65C /* MainPage.swift */,
				A1CFA6F52A3FA574006AF65C /* TabViews */,
			);
			path = MainTabBar;
			sourceTree = "<group>";
		};
		A1CFA6F52A3FA574006AF65C /* TabViews */ = {
			isa = PBXGroup;
			children = (
				A1BBAD5C2A2DEADE00D96151 /* MovieList */,
				A1CFA7002A407546006AF65C /* Payment */,
				A19713DB2A40ACC6006DE877 /* Profile */,
				A197140A2A41E1C8006DE877 /* Liked */,
			);
			path = TabViews;
			sourceTree = "<group>";
		};
		A1CFA6FE2A407532006AF65C /* ViewModel */ = {
			isa = PBXGroup;
			children = (
				A1CFA6FA2A3FAE05006AF65C /* HomeViewModel.swift */,
			);
			path = ViewModel;
			sourceTree = "<group>";
		};
		A1CFA6FF2A40753A006AF65C /* Screen */ = {
			isa = PBXGroup;
			children = (
				A1CFA6F62A3FA586006AF65C /* PaymentScreen.swift */,
			);
			path = Screen;
			sourceTree = "<group>";
		};
		A1CFA7002A407546006AF65C /* Payment */ = {
			isa = PBXGroup;
			children = (
				A1CFA6FF2A40753A006AF65C /* Screen */,
				A1CFA6FE2A407532006AF65C /* ViewModel */,
			);
			path = Payment;
			sourceTree = "<group>";
		};
/* End PBXGroup section */

/* Begin PBXNativeTarget section */
		A1BBAD322A2DE99D00D96151 /* astonMovieListSwiftUI */ = {
			isa = PBXNativeTarget;
			buildConfigurationList = A1BBAD412A2DE99F00D96151 /* Build configuration list for PBXNativeTarget "astonMovieListSwiftUI" */;
			buildPhases = (
				A1BBAD2F2A2DE99D00D96151 /* Sources */,
				A1BBAD302A2DE99D00D96151 /* Frameworks */,
				A1BBAD312A2DE99D00D96151 /* Resources */,
			);
			buildRules = (
			);
			dependencies = (
			);
			name = astonMovieListSwiftUI;
			packageProductDependencies = (
			);
			productName = astonMovieListSwiftUI;
			productReference = A1BBAD332A2DE99D00D96151 /* astonMovieListSwiftUI.app */;
			productType = "com.apple.product-type.application";
		};
/* End PBXNativeTarget section */

/* Begin PBXProject section */
		A1BBAD2B2A2DE99D00D96151 /* Project object */ = {
			isa = PBXProject;
			attributes = {
				BuildIndependentTargetsInParallel = 1;
				LastSwiftUpdateCheck = 1430;
				LastUpgradeCheck = 1430;
				TargetAttributes = {
					A1BBAD322A2DE99D00D96151 = {
						CreatedOnToolsVersion = 14.3.1;
					};
				};
			};
			buildConfigurationList = A1BBAD2E2A2DE99D00D96151 /* Build configuration list for PBXProject "astonMovieListSwiftUI" */;
			compatibilityVersion = "Xcode 14.0";
			developmentRegion = en;
			hasScannedForEncodings = 0;
			knownRegions = (
				en,
				Base,
				ru,
			);
			mainGroup = A1BBAD2A2A2DE99D00D96151;
			packageReferences = (
			);
			productRefGroup = A1BBAD342A2DE99D00D96151 /* Products */;
			projectDirPath = "";
			projectRoot = "";
			targets = (
				A1BBAD322A2DE99D00D96151 /* astonMovieListSwiftUI */,
			);
		};
/* End PBXProject section */

/* Begin PBXResourcesBuildPhase section */
		A1BBAD312A2DE99D00D96151 /* Resources */ = {
			isa = PBXResourcesBuildPhase;
			buildActionMask = 2147483647;
			files = (
				A1BBAD3E2A2DE99F00D96151 /* Preview Assets.xcassets in Resources */,
				A1BBAD8B2A2E18C700D96151 /* Localizable.strings in Resources */,
				A10494672A3F120400F47F8F /* Raleway-Regular.ttf in Resources */,
				A10494662A3F120400F47F8F /* Raleway-SemiBold.ttf in Resources */,
				A10494652A3F120400F47F8F /* Raleway-Bold.ttf in Resources */,
				A1BBAD3B2A2DE99F00D96151 /* Assets.xcassets in Resources */,
			);
			runOnlyForDeploymentPostprocessing = 0;
		};
/* End PBXResourcesBuildPhase section */

/* Begin PBXSourcesBuildPhase section */
		A1BBAD2F2A2DE99D00D96151 /* Sources */ = {
			isa = PBXSourcesBuildPhase;
			buildActionMask = 2147483647;
			files = (
				A1CFA7062A40A695006AF65C /* ProfilePage.swift in Sources */,
				A1BBAD532A2DEA7300D96151 /* Configurator.swift in Sources */,
				A1AFD8742A3BD1D10032A4D9 /* SideMenuView.swift in Sources */,
				A1BBAD7D2A2DFBA300D96151 /* Backend+Result.swift in Sources */,
				A19713DE2A40BA3C006DE877 /* SubscribtionDetailView.swift in Sources */,
				A1BBAD4F2A2DEA5400D96151 /* ServiceLocator.swift in Sources */,
				A1AFD8702A3B9B2F0032A4D9 /* SideTabViewCell.swift in Sources */,
				A1AFD8722A3B9D6E0032A4D9 /* CustomCorners.swift in Sources */,
				A1CFA6FD2A4065F8006AF65C /* MoreSubsView.swift in Sources */,
				A1BBAD612A2DEB2E00D96151 /* Movie.swift in Sources */,
				A1BBAD672A2DED2300D96151 /* LazyView.swift in Sources */,
				A1BBAD452A2DE9C500D96151 /* EndPoint.swift in Sources */,
				A1BBAD552A2DEA8100D96151 /* Networking.swift in Sources */,
				A1CFA6FB2A3FAE05006AF65C /* HomeViewModel.swift in Sources */,
				A1BBAD512A2DEA6600D96151 /* InjectedWrapped.swift in Sources */,
				A1BBAD472A2DE9DE00D96151 /* ProjectConstant.swift in Sources */,
				A13A829D2A39ED16005EC09E /* MovieListScreen.swift in Sources */,
				A18F748A2A3A411D00831104 /* MovieDetailHeaderView.swift in Sources */,
				A1BBAD492A2DE9F900D96151 /* String.swift in Sources */,
				A1CFA7042A40878D006AF65C /* StaggedGrid.swift in Sources */,
				A1CFA6F42A3FA17D006AF65C /* MainPage.swift in Sources */,
				A18F748C2A3B18E600831104 /* FetchService.swift in Sources */,
				A19714102A42147C006DE877 /* CartPage.swift in Sources */,
				A1BBAD812A2DFBCA00D96151 /* Backend+StatusCode.swift in Sources */,
				A18F74822A3A34D400831104 /* MovieDetailScreen.swift in Sources */,
				A1AFD86E2A3B98210032A4D9 /* MainSideTabView.swift in Sources */,
				A18F748E2A3B206B00831104 /* Genre.swift in Sources */,
				A1BBAD5B2A2DEAD100D96151 /* MovieListViewModel.swift in Sources */,
				A18F74842A3A34E900831104 /* MovDetailViewModel.swift in Sources */,
				A1CFA6ED2A3F2C2C006AF65C /* LoginPageViewModel.swift in Sources */,
				A1AFD8762A3BD2D40032A4D9 /* SideTabView.swift in Sources */,
				A1CFA7022A407576006AF65C /* SearchView.swift in Sources */,
				A104946B2A3F12BA00F47F8F /* OnBoardingPage.swift in Sources */,
				A1BBAD572A2DEA8D00D96151 /* DataCaretaker.swift in Sources */,
				A19714092A41BD12006DE877 /* LikedPage.swift in Sources */,
				A19713E12A40BA8E006DE877 /* SharedDataModel.swift in Sources */,
				A10494692A3F12AE00F47F8F /* ContentView.swift in Sources */,
				A1CFA6EB2A3F2C11006AF65C /* LoginPage.swift in Sources */,
				A1CFA6F72A3FA586006AF65C /* PaymentScreen.swift in Sources */,
				A1BBAD7F2A2DFBB700D96151 /* Backend+RequestType.swift in Sources */,
				A1BBAD372A2DE99D00D96151 /* astonMovieListSwiftUIApp.swift in Sources */,
				A1BBAD652A2DED1000D96151 /* View.swift in Sources */,
				A1CFA6F92A3FABF7006AF65C /* Subscribtion.swift in Sources */,
				A1BBAD632A2DEB3C00D96151 /* Rating.swift in Sources */,
				A18F74882A3A3BD500831104 /* MovieCellView.swift in Sources */,
			);
			runOnlyForDeploymentPostprocessing = 0;
		};
/* End PBXSourcesBuildPhase section */

/* Begin PBXVariantGroup section */
		A1BBAD8D2A2E18C700D96151 /* Localizable.strings */ = {
			isa = PBXVariantGroup;
			children = (
				A1BBAD8C2A2E18C700D96151 /* en */,
				A1BBAD8E2A2E18C900D96151 /* ru */,
			);
			name = Localizable.strings;
			sourceTree = "<group>";
		};
/* End PBXVariantGroup section */

/* Begin XCBuildConfiguration section */
		A1BBAD3F2A2DE99F00D96151 /* Debug */ = {
			isa = XCBuildConfiguration;
			buildSettings = {
				ALWAYS_SEARCH_USER_PATHS = NO;
				CLANG_ANALYZER_NONNULL = YES;
				CLANG_ANALYZER_NUMBER_OBJECT_CONVERSION = YES_AGGRESSIVE;
				CLANG_CXX_LANGUAGE_STANDARD = "gnu++20";
				CLANG_ENABLE_MODULES = YES;
				CLANG_ENABLE_OBJC_ARC = YES;
				CLANG_ENABLE_OBJC_WEAK = YES;
				CLANG_WARN_BLOCK_CAPTURE_AUTORELEASING = YES;
				CLANG_WARN_BOOL_CONVERSION = YES;
				CLANG_WARN_COMMA = YES;
				CLANG_WARN_CONSTANT_CONVERSION = YES;
				CLANG_WARN_DEPRECATED_OBJC_IMPLEMENTATIONS = YES;
				CLANG_WARN_DIRECT_OBJC_ISA_USAGE = YES_ERROR;
				CLANG_WARN_DOCUMENTATION_COMMENTS = YES;
				CLANG_WARN_EMPTY_BODY = YES;
				CLANG_WARN_ENUM_CONVERSION = YES;
				CLANG_WARN_INFINITE_RECURSION = YES;
				CLANG_WARN_INT_CONVERSION = YES;
				CLANG_WARN_NON_LITERAL_NULL_CONVERSION = YES;
				CLANG_WARN_OBJC_IMPLICIT_RETAIN_SELF = YES;
				CLANG_WARN_OBJC_LITERAL_CONVERSION = YES;
				CLANG_WARN_OBJC_ROOT_CLASS = YES_ERROR;
				CLANG_WARN_QUOTED_INCLUDE_IN_FRAMEWORK_HEADER = YES;
				CLANG_WARN_RANGE_LOOP_ANALYSIS = YES;
				CLANG_WARN_STRICT_PROTOTYPES = YES;
				CLANG_WARN_SUSPICIOUS_MOVE = YES;
				CLANG_WARN_UNGUARDED_AVAILABILITY = YES_AGGRESSIVE;
				CLANG_WARN_UNREACHABLE_CODE = YES;
				CLANG_WARN__DUPLICATE_METHOD_MATCH = YES;
				COPY_PHASE_STRIP = NO;
				DEBUG_INFORMATION_FORMAT = dwarf;
				ENABLE_STRICT_OBJC_MSGSEND = YES;
				ENABLE_TESTABILITY = YES;
				GCC_C_LANGUAGE_STANDARD = gnu11;
				GCC_DYNAMIC_NO_PIC = NO;
				GCC_NO_COMMON_BLOCKS = YES;
				GCC_OPTIMIZATION_LEVEL = 0;
				GCC_PREPROCESSOR_DEFINITIONS = (
					"DEBUG=1",
					"$(inherited)",
				);
				GCC_WARN_64_TO_32_BIT_CONVERSION = YES;
				GCC_WARN_ABOUT_RETURN_TYPE = YES_ERROR;
				GCC_WARN_UNDECLARED_SELECTOR = YES;
				GCC_WARN_UNINITIALIZED_AUTOS = YES_AGGRESSIVE;
				GCC_WARN_UNUSED_FUNCTION = YES;
				GCC_WARN_UNUSED_VARIABLE = YES;
				IPHONEOS_DEPLOYMENT_TARGET = 16.4;
				MTL_ENABLE_DEBUG_INFO = INCLUDE_SOURCE;
				MTL_FAST_MATH = YES;
				ONLY_ACTIVE_ARCH = YES;
				SDKROOT = iphoneos;
				SWIFT_ACTIVE_COMPILATION_CONDITIONS = DEBUG;
				SWIFT_OPTIMIZATION_LEVEL = "-Onone";
			};
			name = Debug;
		};
		A1BBAD402A2DE99F00D96151 /* Release */ = {
			isa = XCBuildConfiguration;
			buildSettings = {
				ALWAYS_SEARCH_USER_PATHS = NO;
				CLANG_ANALYZER_NONNULL = YES;
				CLANG_ANALYZER_NUMBER_OBJECT_CONVERSION = YES_AGGRESSIVE;
				CLANG_CXX_LANGUAGE_STANDARD = "gnu++20";
				CLANG_ENABLE_MODULES = YES;
				CLANG_ENABLE_OBJC_ARC = YES;
				CLANG_ENABLE_OBJC_WEAK = YES;
				CLANG_WARN_BLOCK_CAPTURE_AUTORELEASING = YES;
				CLANG_WARN_BOOL_CONVERSION = YES;
				CLANG_WARN_COMMA = YES;
				CLANG_WARN_CONSTANT_CONVERSION = YES;
				CLANG_WARN_DEPRECATED_OBJC_IMPLEMENTATIONS = YES;
				CLANG_WARN_DIRECT_OBJC_ISA_USAGE = YES_ERROR;
				CLANG_WARN_DOCUMENTATION_COMMENTS = YES;
				CLANG_WARN_EMPTY_BODY = YES;
				CLANG_WARN_ENUM_CONVERSION = YES;
				CLANG_WARN_INFINITE_RECURSION = YES;
				CLANG_WARN_INT_CONVERSION = YES;
				CLANG_WARN_NON_LITERAL_NULL_CONVERSION = YES;
				CLANG_WARN_OBJC_IMPLICIT_RETAIN_SELF = YES;
				CLANG_WARN_OBJC_LITERAL_CONVERSION = YES;
				CLANG_WARN_OBJC_ROOT_CLASS = YES_ERROR;
				CLANG_WARN_QUOTED_INCLUDE_IN_FRAMEWORK_HEADER = YES;
				CLANG_WARN_RANGE_LOOP_ANALYSIS = YES;
				CLANG_WARN_STRICT_PROTOTYPES = YES;
				CLANG_WARN_SUSPICIOUS_MOVE = YES;
				CLANG_WARN_UNGUARDED_AVAILABILITY = YES_AGGRESSIVE;
				CLANG_WARN_UNREACHABLE_CODE = YES;
				CLANG_WARN__DUPLICATE_METHOD_MATCH = YES;
				COPY_PHASE_STRIP = NO;
				DEBUG_INFORMATION_FORMAT = "dwarf-with-dsym";
				ENABLE_NS_ASSERTIONS = NO;
				ENABLE_STRICT_OBJC_MSGSEND = YES;
				GCC_C_LANGUAGE_STANDARD = gnu11;
				GCC_NO_COMMON_BLOCKS = YES;
				GCC_WARN_64_TO_32_BIT_CONVERSION = YES;
				GCC_WARN_ABOUT_RETURN_TYPE = YES_ERROR;
				GCC_WARN_UNDECLARED_SELECTOR = YES;
				GCC_WARN_UNINITIALIZED_AUTOS = YES_AGGRESSIVE;
				GCC_WARN_UNUSED_FUNCTION = YES;
				GCC_WARN_UNUSED_VARIABLE = YES;
				IPHONEOS_DEPLOYMENT_TARGET = 16.4;
				MTL_ENABLE_DEBUG_INFO = NO;
				MTL_FAST_MATH = YES;
				SDKROOT = iphoneos;
				SWIFT_COMPILATION_MODE = wholemodule;
				SWIFT_OPTIMIZATION_LEVEL = "-O";
				VALIDATE_PRODUCT = YES;
			};
			name = Release;
		};
		A1BBAD422A2DE99F00D96151 /* Debug */ = {
			isa = XCBuildConfiguration;
			buildSettings = {
				ASSETCATALOG_COMPILER_APPICON_NAME = AppIcon;
				ASSETCATALOG_COMPILER_GLOBAL_ACCENT_COLOR_NAME = AccentColor;
				CODE_SIGN_STYLE = Automatic;
				CURRENT_PROJECT_VERSION = 1;
				DEVELOPMENT_ASSET_PATHS = "\"astonMovieListSwiftUI/Preview Content\"";
				DEVELOPMENT_TEAM = WPP2S47RZ2;
				ENABLE_PREVIEWS = YES;
				GENERATE_INFOPLIST_FILE = YES;
				INFOPLIST_FILE = astonMovieListSwiftUI/Info.plist;
				INFOPLIST_KEY_UIApplicationSceneManifest_Generation = YES;
				INFOPLIST_KEY_UIApplicationSupportsIndirectInputEvents = YES;
				INFOPLIST_KEY_UILaunchScreen_Generation = YES;
				INFOPLIST_KEY_UISupportedInterfaceOrientations_iPad = "UIInterfaceOrientationPortrait UIInterfaceOrientationPortraitUpsideDown UIInterfaceOrientationLandscapeLeft UIInterfaceOrientationLandscapeRight";
				INFOPLIST_KEY_UISupportedInterfaceOrientations_iPhone = "UIInterfaceOrientationPortrait UIInterfaceOrientationLandscapeLeft UIInterfaceOrientationLandscapeRight";
				LD_RUNPATH_SEARCH_PATHS = (
					"$(inherited)",
					"@executable_path/Frameworks",
				);
				MARKETING_VERSION = 1.0;
				PRODUCT_BUNDLE_IDENTIFIER = "Alex-Shtandaruk.astonMovieListSwiftUI";
				PRODUCT_NAME = "$(TARGET_NAME)";
				SWIFT_EMIT_LOC_STRINGS = YES;
				SWIFT_VERSION = 5.0;
				TARGETED_DEVICE_FAMILY = "1,2";
			};
			name = Debug;
		};
		A1BBAD432A2DE99F00D96151 /* Release */ = {
			isa = XCBuildConfiguration;
			buildSettings = {
				ASSETCATALOG_COMPILER_APPICON_NAME = AppIcon;
				ASSETCATALOG_COMPILER_GLOBAL_ACCENT_COLOR_NAME = AccentColor;
				CODE_SIGN_STYLE = Automatic;
				CURRENT_PROJECT_VERSION = 1;
				DEVELOPMENT_ASSET_PATHS = "\"astonMovieListSwiftUI/Preview Content\"";
				DEVELOPMENT_TEAM = WPP2S47RZ2;
				ENABLE_PREVIEWS = YES;
				GENERATE_INFOPLIST_FILE = YES;
				INFOPLIST_FILE = astonMovieListSwiftUI/Info.plist;
				INFOPLIST_KEY_UIApplicationSceneManifest_Generation = YES;
				INFOPLIST_KEY_UIApplicationSupportsIndirectInputEvents = YES;
				INFOPLIST_KEY_UILaunchScreen_Generation = YES;
				INFOPLIST_KEY_UISupportedInterfaceOrientations_iPad = "UIInterfaceOrientationPortrait UIInterfaceOrientationPortraitUpsideDown UIInterfaceOrientationLandscapeLeft UIInterfaceOrientationLandscapeRight";
				INFOPLIST_KEY_UISupportedInterfaceOrientations_iPhone = "UIInterfaceOrientationPortrait UIInterfaceOrientationLandscapeLeft UIInterfaceOrientationLandscapeRight";
				LD_RUNPATH_SEARCH_PATHS = (
					"$(inherited)",
					"@executable_path/Frameworks",
				);
				MARKETING_VERSION = 1.0;
				PRODUCT_BUNDLE_IDENTIFIER = "Alex-Shtandaruk.astonMovieListSwiftUI";
				PRODUCT_NAME = "$(TARGET_NAME)";
				SWIFT_EMIT_LOC_STRINGS = YES;
				SWIFT_VERSION = 5.0;
				TARGETED_DEVICE_FAMILY = "1,2";
			};
			name = Release;
		};
/* End XCBuildConfiguration section */

/* Begin XCConfigurationList section */
		A1BBAD2E2A2DE99D00D96151 /* Build configuration list for PBXProject "astonMovieListSwiftUI" */ = {
			isa = XCConfigurationList;
			buildConfigurations = (
				A1BBAD3F2A2DE99F00D96151 /* Debug */,
				A1BBAD402A2DE99F00D96151 /* Release */,
			);
			defaultConfigurationIsVisible = 0;
			defaultConfigurationName = Release;
		};
		A1BBAD412A2DE99F00D96151 /* Build configuration list for PBXNativeTarget "astonMovieListSwiftUI" */ = {
			isa = XCConfigurationList;
			buildConfigurations = (
				A1BBAD422A2DE99F00D96151 /* Debug */,
				A1BBAD432A2DE99F00D96151 /* Release */,
			);
			defaultConfigurationIsVisible = 0;
			defaultConfigurationName = Release;
		};
/* End XCConfigurationList section */
	};
	rootObject = A1BBAD2B2A2DE99D00D96151 /* Project object */;
}
